
Microsoft Visual Studio Solution File, Format Version 12.00
# Visual Studio Version 17
VisualStudioVersion = 17.7.34221.43
MinimumVisualStudioVersion = 10.0.40219.1
Project("{FAE04EC0-301F-11D3-BF4B-00C04F79EFBC}") = "FPTBookStore", "FPTBookStore.csproj", "{FA160D29-53C5-4A95-86A3-3DA379586A2B}"
EndProject
Global
	GlobalSection(SolutionConfigurationPlatforms) = preSolution
		Debug|Any CPU = Debug|Any CPU
		Release|Any CPU = Release|Any CPU
	EndGlobalSection
	GlobalSection(ProjectConfigurationPlatforms) = postSolution
		{FA160D29-53C5-4A95-86A3-3DA379586A2B}.Debug|Any CPU.ActiveCfg = Debug|Any CPU
		{FA160D29-53C5-4A95-86A3-3DA379586A2B}.Debug|Any CPU.Build.0 = Debug|Any CPU
		{FA160D29-53C5-4A95-86A3-3DA379586A2B}.Release|Any CPU.ActiveCfg = Release|Any CPU
		{FA160D29-53C5-4A95-86A3-3DA379586A2B}.Release|Any CPU.Build.0 = Release|Any CPU
	EndGlobalSection
	GlobalSection(SolutionProperties) = preSolution
		HideSolutionNode = FALSE
	EndGlobalSection
	GlobalSection(ExtensibilityGlobals) = postSolution
		SolutionGuid = {7F07FE6A-F397-42F9-8164-5ADD70D3A899}
	EndGlobalSection
EndGlobal
